
Microsoft Visual Studio Solution File, Format Version 12.00
# Visual Studio Version 17
VisualStudioVersion = 17.14.36401.2 d17.14
MinimumVisualStudioVersion = 10.0.40219.1
Project("{8BC9CEB8-8B4A-11D0-8D11-00A0C91BC942}") = "MiniAirline", "MiniAirline\MiniAirline.vcxproj", "{B350E01A-5743-433C-B61D-F71503AC8C61}"
EndProject
Global
	GlobalSection(SolutionConfigurationPlatforms) = preSolution
		Debug|x64 = Debug|x64
		Debug|x86 = Debug|x86
		Release|x64 = Release|x64
		Release|x86 = Release|x86
	EndGlobalSection
	GlobalSection(ProjectConfigurationPlatforms) = postSolution
		{B350E01A-5743-433C-B61D-F71503AC8C61}.Debug|x64.ActiveCfg = Debug|x64
		{B350E01A-5743-433C-B61D-F71503AC8C61}.Debug|x64.Build.0 = Debug|x64
		{B350E01A-5743-433C-B61D-F71503AC8C61}.Debug|x86.ActiveCfg = Debug|Win32
		{B350E01A-5743-433C-B61D-F71503AC8C61}.Debug|x86.Build.0 = Debug|Win32
		{B350E01A-5743-433C-B61D-F71503AC8C61}.Release|x64.ActiveCfg = Release|x64
		{B350E01A-5743-433C-B61D-F71503AC8C61}.Release|x64.Build.0 = Release|x64
		{B350E01A-5743-433C-B61D-F71503AC8C61}.Release|x86.ActiveCfg = Release|Win32
		{B350E01A-5743-433C-B61D-F71503AC8C61}.Release|x86.Build.0 = Release|Win32
	EndGlobalSection
	GlobalSection(SolutionProperties) = preSolution
		HideSolutionNode = FALSE
	EndGlobalSection
	GlobalSection(ExtensibilityGlobals) = postSolution
		SolutionGuid = {D59BC6A5-10EB-405E-A1B5-3CBE7B3B46B1}
	EndGlobalSection
EndGlobal
